
Microsoft Visual Studio Solution File, Format Version 12.00
Project("{FAE04EC0-301F-11D3-BF4B-00C04F79EFBC}") = "lab1-pkir-webapi", "lab1-pkir-webapi\lab1-pkir-webapi.csproj", "{FF1121E0-B308-4123-9373-4FBF043AA14A}"
EndProject
Global
	GlobalSection(SolutionConfigurationPlatforms) = preSolution
		Debug|Any CPU = Debug|Any CPU
		Release|Any CPU = Release|Any CPU
	EndGlobalSection
	GlobalSection(ProjectConfigurationPlatforms) = postSolution
		{FF1121E0-B308-4123-9373-4FBF043AA14A}.Debug|Any CPU.ActiveCfg = Debug|Any CPU
		{FF1121E0-B308-4123-9373-4FBF043AA14A}.Debug|Any CPU.Build.0 = Debug|Any CPU
		{FF1121E0-B308-4123-9373-4FBF043AA14A}.Release|Any CPU.ActiveCfg = Release|Any CPU
		{FF1121E0-B308-4123-9373-4FBF043AA14A}.Release|Any CPU.Build.0 = Release|Any CPU
	EndGlobalSection
EndGlobal
